// !$*UTF8*$!
{
	archiveVersion = 1;
	classes = {
	};
	objectVersion = 46;
	objects = {

/* Begin PBXBuildFile section */
		031D759C1B0A1EFB00FD0C99 /* AppDelegate.swift in Sources */ = {isa = PBXBuildFile; fileRef = 031D759B1B0A1EFB00FD0C99 /* AppDelegate.swift */; };
		031D759E1B0A1EFB00FD0C99 /* ViewController.swift in Sources */ = {isa = PBXBuildFile; fileRef = 031D759D1B0A1EFB00FD0C99 /* ViewController.swift */; };
		031D75A11B0A1EFB00FD0C99 /* Main.storyboard in Resources */ = {isa = PBXBuildFile; fileRef = 031D759F1B0A1EFB00FD0C99 /* Main.storyboard */; };
		031D75A31B0A1EFB00FD0C99 /* Images.xcassets in Resources */ = {isa = PBXBuildFile; fileRef = 031D75A21B0A1EFB00FD0C99 /* Images.xcassets */; };
		031D75A61B0A1EFB00FD0C99 /* LaunchScreen.xib in Resources */ = {isa = PBXBuildFile; fileRef = 031D75A41B0A1EFB00FD0C99 /* LaunchScreen.xib */; };
		031D75B21B0A1EFB00FD0C99 /* GoddessListTests.swift in Sources */ = {isa = PBXBuildFile; fileRef = 031D75B11B0A1EFB00FD0C99 /* GoddessListTests.swift */; };
/* End PBXBuildFile section */

/* Begin PBXContainerItemProxy section */
		031D75AC1B0A1EFB00FD0C99 /* PBXContainerItemProxy */ = {
			isa = PBXContainerItemProxy;
			containerPortal = 031D758E1B0A1EFB00FD0C99 /* Project object */;
			proxyType = 1;
			remoteGlobalIDString = 031D75951B0A1EFB00FD0C99;
			remoteInfo = GoddessList;
		};
/* End PBXContainerItemProxy section */

/* Begin PBXFileReference section */
		031D75961B0A1EFB00FD0C99 /* GoddessList.app */ = {isa = PBXFileReference; explicitFileType = wrapper.application; includeInIndex = 0; path = GoddessList.app; sourceTree = BUILT_PRODUCTS_DIR; };
		031D759A1B0A1EFB00FD0C99 /* Info.plist */ = {isa = PBXFileReference; lastKnownFileType = text.plist.xml; path = Info.plist; sourceTree = "<group>"; };
		031D759B1B0A1EFB00FD0C99 /* AppDelegate.swift */ = {isa = PBXFileReference; lastKnownFileType = sourcecode.swift; path = AppDelegate.swift; sourceTree = "<group>"; };
		031D759D1B0A1EFB00FD0C99 /* ViewController.swift */ = {isa = PBXFileReference; lastKnownFileType = sourcecode.swift; path = ViewController.swift; sourceTree = "<group>"; };
		031D75A01B0A1EFB00FD0C99 /* Base */ = {isa = PBXFileReference; lastKnownFileType = file.storyboard; name = Base; path = Base.lproj/Main.storyboard; sourceTree = "<group>"; };
		031D75A21B0A1EFB00FD0C99 /* Images.xcassets */ = {isa = PBXFileReference; lastKnownFileType = folder.assetcatalog; path = Images.xcassets; sourceTree = "<group>"; };
		031D75A51B0A1EFB00FD0C99 /* Base */ = {isa = PBXFileReference; lastKnownFileType = file.xib; name = Base; path = Base.lproj/LaunchScreen.xib; sourceTree = "<group>"; };
		031D75AB1B0A1EFB00FD0C99 /* GoddessListTests.xctest */ = {isa = PBXFileReference; explicitFileType = wrapper.cfbundle; includeInIndex = 0; path = GoddessListTests.xctest; sourceTree = BUILT_PRODUCTS_DIR; };
		031D75B01B0A1EFB00FD0C99 /* Info.plist */ = {isa = PBXFileReference; lastKnownFileType = text.plist.xml; path = Info.plist; sourceTree = "<group>"; };
		031D75B11B0A1EFB00FD0C99 /* GoddessListTests.swift */ = {isa = PBXFileReference; lastKnownFileType = sourcecode.swift; path = GoddessListTests.swift; sourceTree = "<group>"; };
/* End PBXFileReference section */

/* Begin PBXFrameworksBuildPhase section */
		031D75931B0A1EFB00FD0C99 /* Frameworks */ = {
			isa = PBXFrameworksBuildPhase;
			buildActionMask = 2147483647;
			files = (
			);
			runOnlyForDeploymentPostprocessing = 0;
		};
		031D75A81B0A1EFB00FD0C99 /* Frameworks */ = {
			isa = PBXFrameworksBuildPhase;
			buildActionMask = 2147483647;
			files = (
			);
			runOnlyForDeploymentPostprocessing = 0;
		};
/* End PBXFrameworksBuildPhase section */

/* Begin PBXGroup section */
		031D758D1B0A1EFB00FD0C99 = {
			isa = PBXGroup;
			children = (
				031D75981B0A1EFB00FD0C99 /* GoddessList */,
				031D75AE1B0A1EFB00FD0C99 /* GoddessListTests */,
				031D75971B0A1EFB00FD0C99 /* Products */,
			);
			sourceTree = "<group>";
		};
		031D75971B0A1EFB00FD0C99 /* Products */ = {
			isa = PBXGroup;
			children = (
				031D75961B0A1EFB00FD0C99 /* GoddessList.app */,
				031D75AB1B0A1EFB00FD0C99 /* GoddessListTests.xctest */,
			);
			name = Products;
			sourceTree = "<group>";
		};
		031D75981B0A1EFB00FD0C99 /* GoddessList */ = {
			isa = PBXGroup;
			children = (
				031D759B1B0A1EFB00FD0C99 /* AppDelegate.swift */,
				031D759D1B0A1EFB00FD0C99 /* ViewController.swift */,
				031D759F1B0A1EFB00FD0C99 /* Main.storyboard */,
				031D75A21B0A1EFB00FD0C99 /* Images.xcassets */,
				031D75A41B0A1EFB00FD0C99 /* LaunchScreen.xib */,
				031D75991B0A1EFB00FD0C99 /* Supporting Files */,
			);
			path = GoddessList;
			sourceTree = "<group>";
		};
		031D75991B0A1EFB00FD0C99 /* Supporting Files */ = {
			isa = PBXGroup;
			children = (
				031D759A1B0A1EFB00FD0C99 /* Info.plist */,
			);
			name = "Supporting Files";
			sourceTree = "<group>";
		};
		031D75AE1B0A1EFB00FD0C99 /* GoddessListTests */ = {
			isa = PBXGroup;
			children = (
				031D75B11B0A1EFB00FD0C99 /* GoddessListTests.swift */,
				031D75AF1B0A1EFB00FD0C99 /* Supporting Files */,
			);
			path = GoddessListTests;
			sourceTree = "<group>";
		};
		031D75AF1B0A1EFB00FD0C99 /* Supporting Files */ = {
			isa = PBXGroup;
			children = (
				031D75B01B0A1EFB00FD0C99 /* Info.plist */,
			);
			name = "Supporting Files";
			sourceTree = "<group>";
		};
/* End PBXGroup section */

/* Begin PBXNativeTarget section */
		031D75951B0A1EFB00FD0C99 /* GoddessList */ = {
			isa = PBXNativeTarget;
			buildConfigurationList = 031D75B51B0A1EFB00FD0C99 /* Build configuration list for PBXNativeTarget "GoddessList" */;
			buildPhases = (
				031D75921B0A1EFB00FD0C99 /* Sources */,
				031D75931B0A1EFB00FD0C99 /* Frameworks */,
				031D75941B0A1EFB00FD0C99 /* Resources */,
			);
			buildRules = (
			);
			dependencies = (
			);
			name = GoddessList;
			productName = GoddessList;
			productReference = 031D75961B0A1EFB00FD0C99 /* GoddessList.app */;
			productType = "com.apple.product-type.application";
		};
		031D75AA1B0A1EFB00FD0C99 /* GoddessListTests */ = {
			isa = PBXNativeTarget;
			buildConfigurationList = 031D75B81B0A1EFB00FD0C99 /* Build configuration list for PBXNativeTarget "GoddessListTests" */;
			buildPhases = (
				031D75A71B0A1EFB00FD0C99 /* Sources */,
				031D75A81B0A1EFB00FD0C99 /* Frameworks */,
				031D75A91B0A1EFB00FD0C99 /* Resources */,
			);
			buildRules = (
			);
			dependencies = (
				031D75AD1B0A1EFB00FD0C99 /* PBXTargetDependency */,
			);
			name = GoddessListTests;
			productName = GoddessListTests;
			productReference = 031D75AB1B0A1EFB00FD0C99 /* GoddessListTests.xctest */;
			productType = "com.apple.product-type.bundle.unit-test";
		};
/* End PBXNativeTarget section */

/* Begin PBXProject section */
		031D758E1B0A1EFB00FD0C99 /* Project object */ = {
			isa = PBXProject;
			attributes = {
				LastUpgradeCheck = 0630;
				ORGANIZATIONNAME = xuhui;
				TargetAttributes = {
					031D75951B0A1EFB00FD0C99 = {
						CreatedOnToolsVersion = 6.3.1;
					};
					031D75AA1B0A1EFB00FD0C99 = {
						CreatedOnToolsVersion = 6.3.1;
						TestTargetID = 031D75951B0A1EFB00FD0C99;
					};
				};
			};
			buildConfigurationList = 031D75911B0A1EFB00FD0C99 /* Build configuration list for PBXProject "GoddessList" */;
			compatibilityVersion = "Xcode 3.2";
			developmentRegion = English;
			hasScannedForEncodings = 0;
			knownRegions = (
				en,
				Base,
			);
			mainGroup = 031D758D1B0A1EFB00FD0C99;
			productRefGroup = 031D75971B0A1EFB00FD0C99 /* Products */;
			projectDirPath = "";
			projectRoot = "";
			targets = (
				031D75951B0A1EFB00FD0C99 /* GoddessList */,
				031D75AA1B0A1EFB00FD0C99 /* GoddessListTests */,
			);
		};
/* End PBXProject section */

/* Begin PBXResourcesBuildPhase section */
		031D75941B0A1EFB00FD0C99 /* Resources */ = {
			isa = PBXResourcesBuildPhase;
			buildActionMask = 2147483647;
			files = (
				031D75A11B0A1EFB00FD0C99 /* Main.storyboard in Resources */,
				031D75A61B0A1EFB00FD0C99 /* LaunchScreen.xib in Resources */,
				031D75A31B0A1EFB00FD0C99 /* Images.xcassets in Resources */,
			);
			runOnlyForDeploymentPostprocessing = 0;
		};
		031D75A91B0A1EFB00FD0C99 /* Resources */ = {
			isa = PBXResourcesBuildPhase;
			buildActionMask = 2147483647;
			files = (
			);
			runOnlyForDeploymentPostprocessing = 0;
		};
/* End PBXResourcesBuildPhase section */

/* Begin PBXSourcesBuildPhase section */
		031D75921B0A1EFB00FD0C99 /* Sources */ = {
			isa = PBXSourcesBuildPhase;
			buildActionMask = 2147483647;
			files = (
				031D759E1B0A1EFB00FD0C99 /* ViewController.swift in Sources */,
				031D759C1B0A1EFB00FD0C99 /* AppDelegate.swift in Sources */,
			);
			runOnlyForDeploymentPostprocessing = 0;
		};
		031D75A71B0A1EFB00FD0C99 /* Sources */ = {
			isa = PBXSourcesBuildPhase;
			buildActionMask = 2147483647;
			files = (
				031D75B21B0A1EFB00FD0C99 /* GoddessListTests.swift in Sources */,
			);
			runOnlyForDeploymentPostprocessing = 0;
		};
/* End PBXSourcesBuildPhase section */

/* Begin PBXTargetDependency section */
		031D75AD1B0A1EFB00FD0C99 /* PBXTargetDependency */ = {
			isa = PBXTargetDependency;
			target = 031D75951B0A1EFB00FD0C99 /* GoddessList */;
			targetProxy = 031D75AC1B0A1EFB00FD0C99 /* PBXContainerItemProxy */;
		};
/* End PBXTargetDependency section */

/* Begin PBXVariantGroup section */
		031D759F1B0A1EFB00FD0C99 /* Main.storyboard */ = {
			isa = PBXVariantGroup;
			children = (
				031D75A01B0A1EFB00FD0C99 /* Base */,
			);
			name = Main.storyboard;
			sourceTree = "<group>";
		};
		031D75A41B0A1EFB00FD0C99 /* LaunchScreen.xib */ = {
			isa = PBXVariantGroup;
			children = (
				031D75A51B0A1EFB00FD0C99 /* Base */,
			);
			name = LaunchScreen.xib;
			sourceTree = "<group>";
		};
/* End PBXVariantGroup section */

/* Begin XCBuildConfiguration section */
		031D75B31B0A1EFB00FD0C99 /* Debug */ = {
			isa = XCBuildConfiguration;
			buildSettings = {
				ALWAYS_SEARCH_USER_PATHS = NO;
				CLANG_CXX_LANGUAGE_STANDARD = "gnu++0x";
				CLANG_CXX_LIBRARY = "libc++";
				CLANG_ENABLE_MODULES = YES;
				CLANG_ENABLE_OBJC_ARC = YES;
				CLANG_WARN_BOOL_CONVERSION = YES;
				CLANG_WARN_CONSTANT_CONVERSION = YES;
				CLANG_WARN_DIRECT_OBJC_ISA_USAGE = YES_ERROR;
				CLANG_WARN_EMPTY_BODY = YES;
				CLANG_WARN_ENUM_CONVERSION = YES;
				CLANG_WARN_INT_CONVERSION = YES;
				CLANG_WARN_OBJC_ROOT_CLASS = YES_ERROR;
				CLANG_WARN_UNREACHABLE_CODE = YES;
				CLANG_WARN__DUPLICATE_METHOD_MATCH = YES;
				"CODE_SIGN_IDENTITY[sdk=iphoneos*]" = "iPhone Developer";
				COPY_PHASE_STRIP = NO;
				DEBUG_INFORMATION_FORMAT = "dwarf-with-dsym";
				ENABLE_STRICT_OBJC_MSGSEND = YES;
				GCC_C_LANGUAGE_STANDARD = gnu99;
				GCC_DYNAMIC_NO_PIC = NO;
				GCC_NO_COMMON_BLOCKS = YES;
				GCC_OPTIMIZATION_LEVEL = 0;
				GCC_PREPROCESSOR_DEFINITIONS = (
					"DEBUG=1",
					"$(inherited)",
				);
				GCC_SYMBOLS_PRIVATE_EXTERN = NO;
				GCC_WARN_64_TO_32_BIT_CONVERSION = YES;
				GCC_WARN_ABOUT_RETURN_TYPE = YES_ERROR;
				GCC_WARN_UNDECLARED_SELECTOR = YES;
				GCC_WARN_UNINITIALIZED_AUTOS = YES_AGGRESSIVE;
				GCC_WARN_UNUSED_FUNCTION = YES;
				GCC_WARN_UNUSED_VARIABLE = YES;
				IPHONEOS_DEPLOYMENT_TARGET = 8.3;
				MTL_ENABLE_DEBUG_INFO = YES;
				ONLY_ACTIVE_ARCH = YES;
				SDKROOT = iphoneos;
				SWIFT_OPTIMIZATION_LEVEL = "-Onone";
			};
			name = Debug;
		};
		031D75B41B0A1EFB00FD0C99 /* Release */ = {
			isa = XCBuildConfiguration;
			buildSettings = {
				ALWAYS_SEARCH_USER_PATHS = NO;
				CLANG_CXX_LANGUAGE_STANDARD = "gnu++0x";
				CLANG_CXX_LIBRARY = "libc++";
				CLANG_ENABLE_MODULES = YES;
				CLANG_ENABLE_OBJC_ARC = YES;
				CLANG_WARN_BOOL_CONVERSION = YES;
				CLANG_WARN_CONSTANT_CONVERSION = YES;
				CLANG_WARN_DIRECT_OBJC_ISA_USAGE = YES_ERROR;
				CLANG_WARN_EMPTY_BODY = YES;
				CLANG_WARN_ENUM_CONVERSION = YES;
				CLANG_WARN_INT_CONVERSION = YES;
				CLANG_WARN_OBJC_ROOT_CLASS = YES_ERROR;
				CLANG_WARN_UNREACHABLE_CODE = YES;
				CLANG_WARN__DUPLICATE_METHOD_MATCH = YES;
				"CODE_SIGN_IDENTITY[sdk=iphoneos*]" = "iPhone Developer";
				COPY_PHASE_STRIP = NO;
				DEBUG_INFORMATION_FORMAT = "dwarf-with-dsym";
				ENABLE_NS_ASSERTIONS = NO;
				ENABLE_STRICT_OBJC_MSGSEND = YES;
				GCC_C_LANGUAGE_STANDARD = gnu99;
				GCC_NO_COMMON_BLOCKS = YES;
				GCC_WARN_64_TO_32_BIT_CONVERSION = YES;
				GCC_WARN_ABOUT_RETURN_TYPE = YES_ERROR;
				GCC_WARN_UNDECLARED_SELECTOR = YES;
				GCC_WARN_UNINITIALIZED_AUTOS = YES_AGGRESSIVE;
				GCC_WARN_UNUSED_FUNCTION = YES;
				GCC_WARN_UNUSED_VARIABLE = YES;
				IPHONEOS_DEPLOYMENT_TARGET = 8.3;
				MTL_ENABLE_DEBUG_INFO = NO;
				SDKROOT = iphoneos;
				VALIDATE_PRODUCT = YES;
			};
			name = Release;
		};
		031D75B61B0A1EFB00FD0C99 /* Debug */ = {
			isa = XCBuildConfiguration;
			buildSettings = {
				ASSETCATALOG_COMPILER_APPICON_NAME = AppIcon;
				INFOPLIST_FILE = GoddessList/Info.plist;
				LD_RUNPATH_SEARCH_PATHS = "$(inherited) @executable_path/Frameworks";
				PRODUCT_NAME = "$(TARGET_NAME)";
			};
			name = Debug;
		};
		031D75B71B0A1EFB00FD0C99 /* Release */ = {
			isa = XCBuildConfiguration;
			buildSettings = {
				ASSETCATALOG_COMPILER_APPICON_NAME = AppIcon;
				INFOPLIST_FILE = GoddessList/Info.plist;
				LD_RUNPATH_SEARCH_PATHS = "$(inherited) @executable_path/Frameworks";
				PRODUCT_NAME = "$(TARGET_NAME)";
			};
			name = Release;
		};
		031D75B91B0A1EFB00FD0C99 /* Debug */ = {
			isa = XCBuildConfiguration;
			buildSettings = {
				BUNDLE_LOADER = "$(TEST_HOST)";
				FRAMEWORK_SEARCH_PATHS = (
					"$(SDKROOT)/Developer/Library/Frameworks",
					"$(inherited)",
				);
				GCC_PREPROCESSOR_DEFINITIONS = (
					"DEBUG=1",
					"$(inherited)",
				);
				INFOPLIST_FILE = GoddessListTests/Info.plist;
				LD_RUNPATH_SEARCH_PATHS = "$(inherited) @executable_path/Frameworks @loader_path/Frameworks";
				PRODUCT_NAME = "$(TARGET_NAME)";
				TEST_HOST = "$(BUILT_PRODUCTS_DIR)/GoddessList.app/GoddessList";
			};
			name = Debug;
		};
		031D75BA1B0A1EFB00FD0C99 /* Release */ = {
			isa = XCBuildConfiguration;
			buildSettings = {
				BUNDLE_LOADER = "$(TEST_HOST)";
				FRAMEWORK_SEARCH_PATHS = (
					"$(SDKROOT)/Developer/Library/Frameworks",
					"$(inherited)",
				);
				INFOPLIST_FILE = GoddessListTests/Info.plist;
				LD_RUNPATH_SEARCH_PATHS = "$(inherited) @executable_path/Frameworks @loader_path/Frameworks";
				PRODUCT_NAME = "$(TARGET_NAME)";
				TEST_HOST = "$(BUILT_PRODUCTS_DIR)/GoddessList.app/GoddessList";
			};
			name = Release;
		};
/* End XCBuildConfiguration section */

/* Begin XCConfigurationList section */
		031D75911B0A1EFB00FD0C99 /* Build configuration list for PBXProject "GoddessList" */ = {
			isa = XCConfigurationList;
			buildConfigurations = (
				031D75B31B0A1EFB00FD0C99 /* Debug */,
				031D75B41B0A1EFB00FD0C99 /* Release */,
			);
			defaultConfigurationIsVisible = 0;
			defaultConfigurationName = Release;
		};
		031D75B51B0A1EFB00FD0C99 /* Build configuration list for PBXNativeTarget "GoddessList" */ = {
			isa = XCConfigurationList;
			buildConfigurations = (
				031D75B61B0A1EFB00FD0C99 /* Debug */,
				031D75B71B0A1EFB00FD0C99 /* Release */,
			);
			defaultConfigurationIsVisible = 0;
		};
		031D75B81B0A1EFB00FD0C99 /* Build configuration list for PBXNativeTarget "GoddessListTests" */ = {
			isa = XCConfigurationList;
			buildConfigurations = (
				031D75B91B0A1EFB00FD0C99 /* Debug */,
				031D75BA1B0A1EFB00FD0C99 /* Release */,
			);
			defaultConfigurationIsVisible = 0;
		};
/* End XCConfigurationList section */
	};
	rootObject = 031D758E1B0A1EFB00FD0C99 /* Project object */;
}
